
Microsoft Visual Studio Solution File, Format Version 12.00
# Visual Studio Version 16
VisualStudioVersion = 16.0.30204.135
MinimumVisualStudioVersion = 10.0.40219.1
Project("{FAE04EC0-301F-11D3-BF4B-00C04F79EFBC}") = "Akka.Demo", "src\Akka.Demo\Akka.Demo.csproj", "{B97D473A-7561-4F3B-B64E-4D8F00F716ED}"
EndProject
Project("{2150E333-8FDC-42A3-9474-1A3956D46DE8}") = "src", "src", "{01E14167-F941-49A4-92A8-FCB094C10519}"
EndProject
Global
	GlobalSection(SolutionConfigurationPlatforms) = preSolution
		Debug|Any CPU = Debug|Any CPU
		Release|Any CPU = Release|Any CPU
	EndGlobalSection
	GlobalSection(ProjectConfigurationPlatforms) = postSolution
		{B97D473A-7561-4F3B-B64E-4D8F00F716ED}.Debug|Any CPU.ActiveCfg = Debug|Any CPU
		{B97D473A-7561-4F3B-B64E-4D8F00F716ED}.Debug|Any CPU.Build.0 = Debug|Any CPU
		{B97D473A-7561-4F3B-B64E-4D8F00F716ED}.Release|Any CPU.ActiveCfg = Release|Any CPU
		{B97D473A-7561-4F3B-B64E-4D8F00F716ED}.Release|Any CPU.Build.0 = Release|Any CPU
	EndGlobalSection
	GlobalSection(SolutionProperties) = preSolution
		HideSolutionNode = FALSE
	EndGlobalSection
	GlobalSection(NestedProjects) = preSolution
		{B97D473A-7561-4F3B-B64E-4D8F00F716ED} = {01E14167-F941-49A4-92A8-FCB094C10519}
	EndGlobalSection
	GlobalSection(ExtensibilityGlobals) = postSolution
		SolutionGuid = {3E5C0A76-D0BD-4A62-8EB7-3219E1F7FADA}
	EndGlobalSection
EndGlobal
